
Microsoft Visual Studio Solution File, Format Version 12.00
# Visual Studio Version 17
VisualStudioVersion = 17.14.36429.23 d17.14
MinimumVisualStudioVersion = 10.0.40219.1
Project("{FAE04EC0-301F-11D3-BF4B-00C04F79EFBC}") = "CanConstructString", "CanConstructString\CanConstructString.csproj", "{3739EB64-44DC-41F8-9B3D-62A194457DE3}"
EndProject
Global
	GlobalSection(SolutionConfigurationPlatforms) = preSolution
		Debug|Any CPU = Debug|Any CPU
		Release|Any CPU = Release|Any CPU
	EndGlobalSection
	GlobalSection(ProjectConfigurationPlatforms) = postSolution
		{3739EB64-44DC-41F8-9B3D-62A194457DE3}.Debug|Any CPU.ActiveCfg = Debug|Any CPU
		{3739EB64-44DC-41F8-9B3D-62A194457DE3}.Debug|Any CPU.Build.0 = Debug|Any CPU
		{3739EB64-44DC-41F8-9B3D-62A194457DE3}.Release|Any CPU.ActiveCfg = Release|Any CPU
		{3739EB64-44DC-41F8-9B3D-62A194457DE3}.Release|Any CPU.Build.0 = Release|Any CPU
	EndGlobalSection
	GlobalSection(SolutionProperties) = preSolution
		HideSolutionNode = FALSE
	EndGlobalSection
	GlobalSection(ExtensibilityGlobals) = postSolution
		SolutionGuid = {18C8E6D8-3AD1-4C2E-80BF-14F1BD521CF5}
	EndGlobalSection
EndGlobal
